
Microsoft Visual Studio Solution File, Format Version 12.00
# Visual Studio Version 17
VisualStudioVersion = 17.8.34330.188
MinimumVisualStudioVersion = 10.0.40219.1
Project("{FAE04EC0-301F-11D3-BF4B-00C04F79EFBC}") = "KtermMonitor", "KtermMonitor\KtermMonitor.csproj", "{9EFCC797-C88A-4FA6-B9F2-A011E70D8DAD}"
EndProject
Global
	GlobalSection(SolutionConfigurationPlatforms) = preSolution
		Debug|Any CPU = Debug|Any CPU
		Release|Any CPU = Release|Any CPU
	EndGlobalSection
	GlobalSection(ProjectConfigurationPlatforms) = postSolution
		{9EFCC797-C88A-4FA6-B9F2-A011E70D8DAD}.Debug|Any CPU.ActiveCfg = Debug|Any CPU
		{9EFCC797-C88A-4FA6-B9F2-A011E70D8DAD}.Debug|Any CPU.Build.0 = Debug|Any CPU
		{9EFCC797-C88A-4FA6-B9F2-A011E70D8DAD}.Release|Any CPU.ActiveCfg = Release|Any CPU
		{9EFCC797-C88A-4FA6-B9F2-A011E70D8DAD}.Release|Any CPU.Build.0 = Release|Any CPU
	EndGlobalSection
	GlobalSection(SolutionProperties) = preSolution
		HideSolutionNode = FALSE
	EndGlobalSection
	GlobalSection(ExtensibilityGlobals) = postSolution
		SolutionGuid = {2C05BD83-BFE4-43B9-A411-C64FA7539650}
	EndGlobalSection
EndGlobal
